
Microsoft Visual Studio Solution File, Format Version 12.00
# Visual Studio 15
VisualStudioVersion = 15.0.27703.2042
MinimumVisualStudioVersion = 10.0.40219.1
Project("{FAE04EC0-301F-11D3-BF4B-00C04F79EFBC}") = "DealDouble.Web", "DealDouble.Web\DealDouble.Web.csproj", "{6005CE53-F176-4A07-AA2C-60BB8C7439C0}"
EndProject
Project("{FAE04EC0-301F-11D3-BF4B-00C04F79EFBC}") = "DealDouble.Enitities", "DealDouble.Enitities\DealDouble.Enitities.csproj", "{04981718-1AD6-4E52-B93F-393233D3FD39}"
EndProject
Project("{FAE04EC0-301F-11D3-BF4B-00C04F79EFBC}") = "DealDouble.Data", "DealDouble.Data\DealDouble.Data.csproj", "{FFE7CD8E-C5B2-4680-B3F8-D471F494ABFF}"
EndProject
Global
	GlobalSection(SolutionConfigurationPlatforms) = preSolution
		Debug|Any CPU = Debug|Any CPU
		Release|Any CPU = Release|Any CPU
	EndGlobalSection
	GlobalSection(ProjectConfigurationPlatforms) = postSolution
		{6005CE53-F176-4A07-AA2C-60BB8C7439C0}.Debug|Any CPU.ActiveCfg = Debug|Any CPU
		{6005CE53-F176-4A07-AA2C-60BB8C7439C0}.Debug|Any CPU.Build.0 = Debug|Any CPU
		{6005CE53-F176-4A07-AA2C-60BB8C7439C0}.Release|Any CPU.ActiveCfg = Release|Any CPU
		{6005CE53-F176-4A07-AA2C-60BB8C7439C0}.Release|Any CPU.Build.0 = Release|Any CPU
		{04981718-1AD6-4E52-B93F-393233D3FD39}.Debug|Any CPU.ActiveCfg = Debug|Any CPU
		{04981718-1AD6-4E52-B93F-393233D3FD39}.Debug|Any CPU.Build.0 = Debug|Any CPU
		{04981718-1AD6-4E52-B93F-393233D3FD39}.Release|Any CPU.ActiveCfg = Release|Any CPU
		{04981718-1AD6-4E52-B93F-393233D3FD39}.Release|Any CPU.Build.0 = Release|Any CPU
		{FFE7CD8E-C5B2-4680-B3F8-D471F494ABFF}.Debug|Any CPU.ActiveCfg = Debug|Any CPU
		{FFE7CD8E-C5B2-4680-B3F8-D471F494ABFF}.Debug|Any CPU.Build.0 = Debug|Any CPU
		{FFE7CD8E-C5B2-4680-B3F8-D471F494ABFF}.Release|Any CPU.ActiveCfg = Release|Any CPU
		{FFE7CD8E-C5B2-4680-B3F8-D471F494ABFF}.Release|Any CPU.Build.0 = Release|Any CPU
	EndGlobalSection
	GlobalSection(SolutionProperties) = preSolution
		HideSolutionNode = FALSE
	EndGlobalSection
	GlobalSection(ExtensibilityGlobals) = postSolution
		SolutionGuid = {FE9384DF-124F-4CC1-BA5A-C89A1FD70946}
	EndGlobalSection
EndGlobal
